// !$*UTF8*$!
{
	archiveVersion = 1;
	classes = {
	};
	objectVersion = 46;
	objects = {

/* Begin PBXBuildFile section */
		8F543FA51B9D6722000AC8A4 /* main.m in Sources */ = {isa = PBXBuildFile; fileRef = 8F543FA41B9D6722000AC8A4 /* main.m */; };
		8F543FA81B9D6722000AC8A4 /* AppDelegate.m in Sources */ = {isa = PBXBuildFile; fileRef = 8F543FA71B9D6722000AC8A4 /* AppDelegate.m */; };
		8F543FAE1B9D6722000AC8A4 /* Main.storyboard in Resources */ = {isa = PBXBuildFile; fileRef = 8F543FAC1B9D6722000AC8A4 /* Main.storyboard */; };
		8F543FB01B9D6722000AC8A4 /* Assets.xcassets in Resources */ = {isa = PBXBuildFile; fileRef = 8F543FAF1B9D6722000AC8A4 /* Assets.xcassets */; };
		8F543FB31B9D6722000AC8A4 /* LaunchScreen.storyboard in Resources */ = {isa = PBXBuildFile; fileRef = 8F543FB11B9D6722000AC8A4 /* LaunchScreen.storyboard */; };
		8F543FBC1B9D687A000AC8A4 /* WasherPickerViewController.m in Sources */ = {isa = PBXBuildFile; fileRef = 8F543FBB1B9D687A000AC8A4 /* WasherPickerViewController.m */; };
		8F543FBF1B9D7242000AC8A4 /* DryerViewController.m in Sources */ = {isa = PBXBuildFile; fileRef = 8F543FBE1B9D7242000AC8A4 /* DryerViewController.m */; };
		8F543FC21B9D75E8000AC8A4 /* washer.jpg in Resources */ = {isa = PBXBuildFile; fileRef = 8F543FC01B9D75E8000AC8A4 /* washer.jpg */; };
		8F543FC31B9D75E8000AC8A4 /* dryer.png in Resources */ = {isa = PBXBuildFile; fileRef = 8F543FC11B9D75E8000AC8A4 /* dryer.png */; };
		8F543FC61B9D771B000AC8A4 /* StartViewController.m in Sources */ = {isa = PBXBuildFile; fileRef = 8F543FC51B9D771B000AC8A4 /* StartViewController.m */; };
		8F543FC81B9E1475000AC8A4 /* 0564.aiff in Resources */ = {isa = PBXBuildFile; fileRef = 8F543FC71B9E1475000AC8A4 /* 0564.aiff */; };
/* End PBXBuildFile section */

/* Begin PBXFileReference section */
		8F543FA01B9D6722000AC8A4 /* Laundrotimer.app */ = {isa = PBXFileReference; explicitFileType = wrapper.application; includeInIndex = 0; path = Laundrotimer.app; sourceTree = BUILT_PRODUCTS_DIR; };
		8F543FA41B9D6722000AC8A4 /* main.m */ = {isa = PBXFileReference; lastKnownFileType = sourcecode.c.objc; path = main.m; sourceTree = "<group>"; };
		8F543FA61B9D6722000AC8A4 /* AppDelegate.h */ = {isa = PBXFileReference; lastKnownFileType = sourcecode.c.h; path = AppDelegate.h; sourceTree = "<group>"; };
		8F543FA71B9D6722000AC8A4 /* AppDelegate.m */ = {isa = PBXFileReference; lastKnownFileType = sourcecode.c.objc; path = AppDelegate.m; sourceTree = "<group>"; };
		8F543FAD1B9D6722000AC8A4 /* Base */ = {isa = PBXFileReference; lastKnownFileType = file.storyboard; name = Base; path = Base.lproj/Main.storyboard; sourceTree = "<group>"; };
		8F543FAF1B9D6722000AC8A4 /* Assets.xcassets */ = {isa = PBXFileReference; lastKnownFileType = folder.assetcatalog; path = Assets.xcassets; sourceTree = "<group>"; };
		8F543FB21B9D6722000AC8A4 /* Base */ = {isa = PBXFileReference; lastKnownFileType = file.storyboard; name = Base; path = Base.lproj/LaunchScreen.storyboard; sourceTree = "<group>"; };
		8F543FB41B9D6722000AC8A4 /* Info.plist */ = {isa = PBXFileReference; lastKnownFileType = text.plist.xml; path = Info.plist; sourceTree = "<group>"; };
		8F543FBA1B9D687A000AC8A4 /* WasherPickerViewController.h */ = {isa = PBXFileReference; fileEncoding = 4; lastKnownFileType = sourcecode.c.h; path = WasherPickerViewController.h; sourceTree = "<group>"; };
		8F543FBB1B9D687A000AC8A4 /* WasherPickerViewController.m */ = {isa = PBXFileReference; fileEncoding = 4; lastKnownFileType = sourcecode.c.objc; path = WasherPickerViewController.m; sourceTree = "<group>"; };
		8F543FBD1B9D7242000AC8A4 /* DryerViewController.h */ = {isa = PBXFileReference; fileEncoding = 4; lastKnownFileType = sourcecode.c.h; path = DryerViewController.h; sourceTree = "<group>"; };
		8F543FBE1B9D7242000AC8A4 /* DryerViewController.m */ = {isa = PBXFileReference; fileEncoding = 4; lastKnownFileType = sourcecode.c.objc; path = DryerViewController.m; sourceTree = "<group>"; };
		8F543FC01B9D75E8000AC8A4 /* washer.jpg */ = {isa = PBXFileReference; lastKnownFileType = image.jpeg; path = washer.jpg; sourceTree = "<group>"; };
		8F543FC11B9D75E8000AC8A4 /* dryer.png */ = {isa = PBXFileReference; lastKnownFileType = image.png; path = dryer.png; sourceTree = "<group>"; };
		8F543FC41B9D771B000AC8A4 /* StartViewController.h */ = {isa = PBXFileReference; fileEncoding = 4; lastKnownFileType = sourcecode.c.h; path = StartViewController.h; sourceTree = "<group>"; };
		8F543FC51B9D771B000AC8A4 /* StartViewController.m */ = {isa = PBXFileReference; fileEncoding = 4; lastKnownFileType = sourcecode.c.objc; path = StartViewController.m; sourceTree = "<group>"; };
		8F543FC71B9E1475000AC8A4 /* 0564.aiff */ = {isa = PBXFileReference; lastKnownFileType = audio.aiff; path = 0564.aiff; sourceTree = "<group>"; };
/* End PBXFileReference section */

/* Begin PBXFrameworksBuildPhase section */
		8F543F9D1B9D6722000AC8A4 /* Frameworks */ = {
			isa = PBXFrameworksBuildPhase;
			buildActionMask = 2147483647;
			files = (
			);
			runOnlyForDeploymentPostprocessing = 0;
		};
/* End PBXFrameworksBuildPhase section */

/* Begin PBXGroup section */
		8F543F971B9D6722000AC8A4 = {
			isa = PBXGroup;
			children = (
				8F543FA21B9D6722000AC8A4 /* Laundrotimer */,
				8F543FA11B9D6722000AC8A4 /* Products */,
			);
			sourceTree = "<group>";
		};
		8F543FA11B9D6722000AC8A4 /* Products */ = {
			isa = PBXGroup;
			children = (
				8F543FA01B9D6722000AC8A4 /* Laundrotimer.app */,
			);
			name = Products;
			sourceTree = "<group>";
		};
		8F543FA21B9D6722000AC8A4 /* Laundrotimer */ = {
			isa = PBXGroup;
			children = (
				8F543FA61B9D6722000AC8A4 /* AppDelegate.h */,
				8F543FA71B9D6722000AC8A4 /* AppDelegate.m */,
				8F543FAC1B9D6722000AC8A4 /* Main.storyboard */,
				8F543FBA1B9D687A000AC8A4 /* WasherPickerViewController.h */,
				8F543FBB1B9D687A000AC8A4 /* WasherPickerViewController.m */,
				8F543FBD1B9D7242000AC8A4 /* DryerViewController.h */,
				8F543FBE1B9D7242000AC8A4 /* DryerViewController.m */,
				8F543FC41B9D771B000AC8A4 /* StartViewController.h */,
				8F543FC51B9D771B000AC8A4 /* StartViewController.m */,
				8F543FAF1B9D6722000AC8A4 /* Assets.xcassets */,
				8F543FB11B9D6722000AC8A4 /* LaunchScreen.storyboard */,
				8F543FB41B9D6722000AC8A4 /* Info.plist */,
				8F543FA31B9D6722000AC8A4 /* Supporting Files */,
			);
			path = Laundrotimer;
			sourceTree = "<group>";
		};
		8F543FA31B9D6722000AC8A4 /* Supporting Files */ = {
			isa = PBXGroup;
			children = (
				8F543FC71B9E1475000AC8A4 /* 0564.aiff */,
				8F543FC11B9D75E8000AC8A4 /* dryer.png */,
				8F543FC01B9D75E8000AC8A4 /* washer.jpg */,
				8F543FA41B9D6722000AC8A4 /* main.m */,
			);
			name = "Supporting Files";
			sourceTree = "<group>";
		};
/* End PBXGroup section */

/* Begin PBXNativeTarget section */
		8F543F9F1B9D6722000AC8A4 /* Laundrotimer */ = {
			isa = PBXNativeTarget;
			buildConfigurationList = 8F543FB71B9D6722000AC8A4 /* Build configuration list for PBXNativeTarget "Laundrotimer" */;
			buildPhases = (
				8F543F9C1B9D6722000AC8A4 /* Sources */,
				8F543F9D1B9D6722000AC8A4 /* Frameworks */,
				8F543F9E1B9D6722000AC8A4 /* Resources */,
			);
			buildRules = (
			);
			dependencies = (
			);
			name = Laundrotimer;
			productName = Laundrotimer;
			productReference = 8F543FA01B9D6722000AC8A4 /* Laundrotimer.app */;
			productType = "com.apple.product-type.application";
		};
/* End PBXNativeTarget section */

/* Begin PBXProject section */
		8F543F981B9D6722000AC8A4 /* Project object */ = {
			isa = PBXProject;
			attributes = {
				LastUpgradeCheck = 0700;
				ORGANIZATIONNAME = "Jatin Pandey";
				TargetAttributes = {
					8F543F9F1B9D6722000AC8A4 = {
						CreatedOnToolsVersion = 7.0;
						DevelopmentTeam = 4VCC42TKX8;
					};
				};
			};
			buildConfigurationList = 8F543F9B1B9D6722000AC8A4 /* Build configuration list for PBXProject "Laundrotimer" */;
			compatibilityVersion = "Xcode 3.2";
			developmentRegion = English;
			hasScannedForEncodings = 0;
			knownRegions = (
				en,
				Base,
			);
			mainGroup = 8F543F971B9D6722000AC8A4;
			productRefGroup = 8F543FA11B9D6722000AC8A4 /* Products */;
			projectDirPath = "";
			projectRoot = "";
			targets = (
				8F543F9F1B9D6722000AC8A4 /* Laundrotimer */,
			);
		};
/* End PBXProject section */

/* Begin PBXResourcesBuildPhase section */
		8F543F9E1B9D6722000AC8A4 /* Resources */ = {
			isa = PBXResourcesBuildPhase;
			buildActionMask = 2147483647;
			files = (
				8F543FC81B9E1475000AC8A4 /* 0564.aiff in Resources */,
				8F543FB31B9D6722000AC8A4 /* LaunchScreen.storyboard in Resources */,
				8F543FB01B9D6722000AC8A4 /* Assets.xcassets in Resources */,
				8F543FAE1B9D6722000AC8A4 /* Main.storyboard in Resources */,
				8F543FC21B9D75E8000AC8A4 /* washer.jpg in Resources */,
				8F543FC31B9D75E8000AC8A4 /* dryer.png in Resources */,
			);
			runOnlyForDeploymentPostprocessing = 0;
		};
/* End PBXResourcesBuildPhase section */

/* Begin PBXSourcesBuildPhase section */
		8F543F9C1B9D6722000AC8A4 /* Sources */ = {
			isa = PBXSourcesBuildPhase;
			buildActionMask = 2147483647;
			files = (
				8F543FA81B9D6722000AC8A4 /* AppDelegate.m in Sources */,
				8F543FBF1B9D7242000AC8A4 /* DryerViewController.m in Sources */,
				8F543FC61B9D771B000AC8A4 /* StartViewController.m in Sources */,
				8F543FBC1B9D687A000AC8A4 /* WasherPickerViewController.m in Sources */,
				8F543FA51B9D6722000AC8A4 /* main.m in Sources */,
			);
			runOnlyForDeploymentPostprocessing = 0;
		};
/* End PBXSourcesBuildPhase section */

/* Begin PBXVariantGroup section */
		8F543FAC1B9D6722000AC8A4 /* Main.storyboard */ = {
			isa = PBXVariantGroup;
			children = (
				8F543FAD1B9D6722000AC8A4 /* Base */,
			);
			name = Main.storyboard;
			sourceTree = "<group>";
		};
		8F543FB11B9D6722000AC8A4 /* LaunchScreen.storyboard */ = {
			isa = PBXVariantGroup;
			children = (
				8F543FB21B9D6722000AC8A4 /* Base */,
			);
			name = LaunchScreen.storyboard;
			sourceTree = "<group>";
		};
/* End PBXVariantGroup section */

/* Begin XCBuildConfiguration section */
		8F543FB51B9D6722000AC8A4 /* Debug */ = {
			isa = XCBuildConfiguration;
			buildSettings = {
				ALWAYS_SEARCH_USER_PATHS = NO;
				CLANG_CXX_LANGUAGE_STANDARD = "gnu++0x";
				CLANG_CXX_LIBRARY = "libc++";
				CLANG_ENABLE_MODULES = YES;
				CLANG_ENABLE_OBJC_ARC = YES;
				CLANG_WARN_BOOL_CONVERSION = YES;
				CLANG_WARN_CONSTANT_CONVERSION = YES;
				CLANG_WARN_DIRECT_OBJC_ISA_USAGE = YES_ERROR;
				CLANG_WARN_EMPTY_BODY = YES;
				CLANG_WARN_ENUM_CONVERSION = YES;
				CLANG_WARN_INT_CONVERSION = YES;
				CLANG_WARN_OBJC_ROOT_CLASS = YES_ERROR;
				CLANG_WARN_UNREACHABLE_CODE = YES;
				CLANG_WARN__DUPLICATE_METHOD_MATCH = YES;
				"CODE_SIGN_IDENTITY[sdk=iphoneos*]" = "iPhone Developer";
				COPY_PHASE_STRIP = NO;
				DEBUG_INFORMATION_FORMAT = dwarf;
				ENABLE_STRICT_OBJC_MSGSEND = YES;
				ENABLE_TESTABILITY = YES;
				GCC_C_LANGUAGE_STANDARD = gnu99;
				GCC_DYNAMIC_NO_PIC = NO;
				GCC_NO_COMMON_BLOCKS = YES;
				GCC_OPTIMIZATION_LEVEL = 0;
				GCC_PREPROCESSOR_DEFINITIONS = (
					"DEBUG=1",
					"$(inherited)",
				);
				GCC_WARN_64_TO_32_BIT_CONVERSION = YES;
				GCC_WARN_ABOUT_RETURN_TYPE = YES_ERROR;
				GCC_WARN_UNDECLARED_SELECTOR = YES;
				GCC_WARN_UNINITIALIZED_AUTOS = YES_AGGRESSIVE;
				GCC_WARN_UNUSED_FUNCTION = YES;
				GCC_WARN_UNUSED_VARIABLE = YES;
				IPHONEOS_DEPLOYMENT_TARGET = 9.0;
				MTL_ENABLE_DEBUG_INFO = YES;
				ONLY_ACTIVE_ARCH = YES;
				SDKROOT = iphoneos;
			};
			name = Debug;
		};
		8F543FB61B9D6722000AC8A4 /* Release */ = {
			isa = XCBuildConfiguration;
			buildSettings = {
				ALWAYS_SEARCH_USER_PATHS = NO;
				CLANG_CXX_LANGUAGE_STANDARD = "gnu++0x";
				CLANG_CXX_LIBRARY = "libc++";
				CLANG_ENABLE_MODULES = YES;
				CLANG_ENABLE_OBJC_ARC = YES;
				CLANG_WARN_BOOL_CONVERSION = YES;
				CLANG_WARN_CONSTANT_CONVERSION = YES;
				CLANG_WARN_DIRECT_OBJC_ISA_USAGE = YES_ERROR;
				CLANG_WARN_EMPTY_BODY = YES;
				CLANG_WARN_ENUM_CONVERSION = YES;
				CLANG_WARN_INT_CONVERSION = YES;
				CLANG_WARN_OBJC_ROOT_CLASS = YES_ERROR;
				CLANG_WARN_UNREACHABLE_CODE = YES;
				CLANG_WARN__DUPLICATE_METHOD_MATCH = YES;
				"CODE_SIGN_IDENTITY[sdk=iphoneos*]" = "iPhone Developer";
				COPY_PHASE_STRIP = NO;
				DEBUG_INFORMATION_FORMAT = "dwarf-with-dsym";
				ENABLE_NS_ASSERTIONS = NO;
				ENABLE_STRICT_OBJC_MSGSEND = YES;
				GCC_C_LANGUAGE_STANDARD = gnu99;
				GCC_NO_COMMON_BLOCKS = YES;
				GCC_WARN_64_TO_32_BIT_CONVERSION = YES;
				GCC_WARN_ABOUT_RETURN_TYPE = YES_ERROR;
				GCC_WARN_UNDECLARED_SELECTOR = YES;
				GCC_WARN_UNINITIALIZED_AUTOS = YES_AGGRESSIVE;
				GCC_WARN_UNUSED_FUNCTION = YES;
				GCC_WARN_UNUSED_VARIABLE = YES;
				IPHONEOS_DEPLOYMENT_TARGET = 9.0;
				MTL_ENABLE_DEBUG_INFO = NO;
				SDKROOT = iphoneos;
				VALIDATE_PRODUCT = YES;
			};
			name = Release;
		};
		8F543FB81B9D6722000AC8A4 /* Debug */ = {
			isa = XCBuildConfiguration;
			buildSettings = {
				ASSETCATALOG_COMPILER_APPICON_NAME = AppIcon;
				CODE_SIGN_IDENTITY = "iPhone Developer";
				"CODE_SIGN_IDENTITY[sdk=iphoneos*]" = "iPhone Developer";
				INFOPLIST_FILE = Laundrotimer/Info.plist;
				IPHONEOS_DEPLOYMENT_TARGET = 8.4;
				LD_RUNPATH_SEARCH_PATHS = "$(inherited) @executable_path/Frameworks";
				PRODUCT_BUNDLE_IDENTIFIER = JKP.Laundrotimer;
				PRODUCT_NAME = "$(TARGET_NAME)";
				PROVISIONING_PROFILE = "";
				TARGETED_DEVICE_FAMILY = 1;
			};
			name = Debug;
		};
		8F543FB91B9D6722000AC8A4 /* Release */ = {
			isa = XCBuildConfiguration;
			buildSettings = {
				ASSETCATALOG_COMPILER_APPICON_NAME = AppIcon;
				CODE_SIGN_IDENTITY = "iPhone Developer";
				"CODE_SIGN_IDENTITY[sdk=iphoneos*]" = "iPhone Developer";
				INFOPLIST_FILE = Laundrotimer/Info.plist;
				IPHONEOS_DEPLOYMENT_TARGET = 8.4;
				LD_RUNPATH_SEARCH_PATHS = "$(inherited) @executable_path/Frameworks";
				PRODUCT_BUNDLE_IDENTIFIER = JKP.Laundrotimer;
				PRODUCT_NAME = "$(TARGET_NAME)";
				PROVISIONING_PROFILE = "";
				TARGETED_DEVICE_FAMILY = 1;
			};
			name = Release;
		};
/* End XCBuildConfiguration section */

/* Begin XCConfigurationList section */
		8F543F9B1B9D6722000AC8A4 /* Build configuration list for PBXProject "Laundrotimer" */ = {
			isa = XCConfigurationList;
			buildConfigurations = (
				8F543FB51B9D6722000AC8A4 /* Debug */,
				8F543FB61B9D6722000AC8A4 /* Release */,
			);
			defaultConfigurationIsVisible = 0;
			defaultConfigurationName = Release;
		};
		8F543FB71B9D6722000AC8A4 /* Build configuration list for PBXNativeTarget "Laundrotimer" */ = {
			isa = XCConfigurationList;
			buildConfigurations = (
				8F543FB81B9D6722000AC8A4 /* Debug */,
				8F543FB91B9D6722000AC8A4 /* Release */,
			);
			defaultConfigurationIsVisible = 0;
			defaultConfigurationName = Release;
		};
/* End XCConfigurationList section */
	};
	rootObject = 8F543F981B9D6722000AC8A4 /* Project object */;
}
